
Microsoft Visual Studio Solution File, Format Version 12.00
# Visual Studio Version 16
VisualStudioVersion = 16.0.29519.87
MinimumVisualStudioVersion = 10.0.40219.1
Project("{FAE04EC0-301F-11D3-BF4B-00C04F79EFBC}") = "ApiProject", "ApiProject\ApiProject.csproj", "{88EB9791-57F4-411E-99D1-20A1DF4266D9}"
EndProject
Global
	GlobalSection(SolutionConfigurationPlatforms) = preSolution
		Debug|Any CPU = Debug|Any CPU
		Release|Any CPU = Release|Any CPU
	EndGlobalSection
	GlobalSection(ProjectConfigurationPlatforms) = postSolution
		{88EB9791-57F4-411E-99D1-20A1DF4266D9}.Debug|Any CPU.ActiveCfg = Debug|Any CPU
		{88EB9791-57F4-411E-99D1-20A1DF4266D9}.Debug|Any CPU.Build.0 = Debug|Any CPU
		{88EB9791-57F4-411E-99D1-20A1DF4266D9}.Release|Any CPU.ActiveCfg = Release|Any CPU
		{88EB9791-57F4-411E-99D1-20A1DF4266D9}.Release|Any CPU.Build.0 = Release|Any CPU
	EndGlobalSection
	GlobalSection(SolutionProperties) = preSolution
		HideSolutionNode = FALSE
	EndGlobalSection
	GlobalSection(ExtensibilityGlobals) = postSolution
		SolutionGuid = {1FABD6BD-483C-4617-AD4D-53830F59A573}
	EndGlobalSection
EndGlobal
